// !$*UTF8*$!
{
	archiveVersion = 1;
	classes = {
	};
	objectVersion = 55;
	objects = {

/* Begin PBXBuildFile section */
		8603AB472A78C42600801016 /* HexagonParameters.swift in Sources */ = {isa = PBXBuildFile; fileRef = 8603AB462A78C42600801016 /* HexagonParameters.swift */; };
		8603AB492A78C55200801016 /* BadgeBackground.swift in Sources */ = {isa = PBXBuildFile; fileRef = 8603AB482A78C55200801016 /* BadgeBackground.swift */; };
		8603AB4D2A78C83A00801016 /* BadgeSymbol.swift in Sources */ = {isa = PBXBuildFile; fileRef = 8603AB4C2A78C83A00801016 /* BadgeSymbol.swift */; };
		8603AB4F2A78CDFC00801016 /* RotatedBadgeSymbol.swift in Sources */ = {isa = PBXBuildFile; fileRef = 8603AB4E2A78CDFC00801016 /* RotatedBadgeSymbol.swift */; };
		8603AB512A78CE6B00801016 /* Badge.swift in Sources */ = {isa = PBXBuildFile; fileRef = 8603AB502A78CE6B00801016 /* Badge.swift */; };
		8603AB542A78E81600801016 /* hikeData.json in Resources */ = {isa = PBXBuildFile; fileRef = 8603AB532A78E81600801016 /* hikeData.json */; };
		8603AB562A78E83400801016 /* Hike.swift in Sources */ = {isa = PBXBuildFile; fileRef = 8603AB552A78E83400801016 /* Hike.swift */; };
		8603AB5C2A78E8E500801016 /* GraphCapsule.swift in Sources */ = {isa = PBXBuildFile; fileRef = 8603AB582A78E8E500801016 /* GraphCapsule.swift */; };
		8603AB5D2A78E8E500801016 /* HikeGraph.swift in Sources */ = {isa = PBXBuildFile; fileRef = 8603AB592A78E8E500801016 /* HikeGraph.swift */; };
		8603AB5E2A78E8E500801016 /* HikeDetail.swift in Sources */ = {isa = PBXBuildFile; fileRef = 8603AB5A2A78E8E500801016 /* HikeDetail.swift */; };
		8603AB5F2A78E8E500801016 /* HikeView.swift in Sources */ = {isa = PBXBuildFile; fileRef = 8603AB5B2A78E8E500801016 /* HikeView.swift */; };
		8603AB612A7A2BFA00801016 /* CategoryHome.swift in Sources */ = {isa = PBXBuildFile; fileRef = 8603AB602A7A2BFA00801016 /* CategoryHome.swift */; };
		8603AB642A7A2DC000801016 /* CategoryRow.swift in Sources */ = {isa = PBXBuildFile; fileRef = 8603AB632A7A2DC000801016 /* CategoryRow.swift */; };
		8603AB662A7A2EB900801016 /* CategoryItem.swift in Sources */ = {isa = PBXBuildFile; fileRef = 8603AB652A7A2EB900801016 /* CategoryItem.swift */; };
		862CCEF12A7C99BD007B58C3 /* PageViewController.swift in Sources */ = {isa = PBXBuildFile; fileRef = 862CCEF02A7C99BD007B58C3 /* PageViewController.swift */; };
		862CCEF42A7C9ACB007B58C3 /* FeatureCard.swift in Sources */ = {isa = PBXBuildFile; fileRef = 862CCEF32A7C9ACB007B58C3 /* FeatureCard.swift */; };
		862CCEF62A7C9B3F007B58C3 /* PageView.swift in Sources */ = {isa = PBXBuildFile; fileRef = 862CCEF52A7C9B3F007B58C3 /* PageView.swift */; };
		862CCEFA2A7CA457007B58C3 /* PageControl.swift in Sources */ = {isa = PBXBuildFile; fileRef = 862CCEF92A7CA457007B58C3 /* PageControl.swift */; };
		8673C9932A76182600244C9F /* LandmarkRow.swift in Sources */ = {isa = PBXBuildFile; fileRef = 8673C9922A76182600244C9F /* LandmarkRow.swift */; };
		8673C9952A761EC600244C9F /* LandmarkList.swift in Sources */ = {isa = PBXBuildFile; fileRef = 8673C9942A761EC600244C9F /* LandmarkList.swift */; };
		8673C9972A76202E00244C9F /* LandmarkDetail.swift in Sources */ = {isa = PBXBuildFile; fileRef = 8673C9962A76202E00244C9F /* LandmarkDetail.swift */; };
		8673C9992A77784B00244C9F /* FavoriteButton.swift in Sources */ = {isa = PBXBuildFile; fileRef = 8673C9982A77784B00244C9F /* FavoriteButton.swift */; };
		8695A8012A7B85D000687085 /* Profile.swift in Sources */ = {isa = PBXBuildFile; fileRef = 8695A8002A7B85D000687085 /* Profile.swift */; };
		8695A8032A7B860F00687085 /* ProfileHost.swift in Sources */ = {isa = PBXBuildFile; fileRef = 8695A8022A7B860F00687085 /* ProfileHost.swift */; };
		8695A8062A7B864800687085 /* ProfileSummary.swift in Sources */ = {isa = PBXBuildFile; fileRef = 8695A8052A7B864800687085 /* ProfileSummary.swift */; };
		8695A8082A7B86C700687085 /* HikeBadge.swift in Sources */ = {isa = PBXBuildFile; fileRef = 8695A8072A7B86C700687085 /* HikeBadge.swift */; };
		8695A80A2A7BA95C00687085 /* ProfileEditor.swift in Sources */ = {isa = PBXBuildFile; fileRef = 8695A8092A7BA95C00687085 /* ProfileEditor.swift */; };
		86D1BCC82A75718A009EF498 /* landmarkData.json in Resources */ = {isa = PBXBuildFile; fileRef = 86D1BCC72A75718A009EF498 /* landmarkData.json */; };
		86D1BCCA2A7571DD009EF498 /* Landmark.swift in Sources */ = {isa = PBXBuildFile; fileRef = 86D1BCC92A7571DD009EF498 /* Landmark.swift */; };
		86D1BCCC2A75727B009EF498 /* ModelData.swift in Sources */ = {isa = PBXBuildFile; fileRef = 86D1BCCB2A75727B009EF498 /* ModelData.swift */; };
		86E910962A7F9F3C00C7BE5E /* Assets.xcassets in Resources */ = {isa = PBXBuildFile; fileRef = 86E910952A7F9F3C00C7BE5E /* Assets.xcassets */; };
		86E9109C2A7F9F3C00C7BE5E /* WatchLandmarks WatchKit Extension.appex in Embed App Extensions */ = {isa = PBXBuildFile; fileRef = 86E9109B2A7F9F3C00C7BE5E /* WatchLandmarks WatchKit Extension.appex */; settings = {ATTRIBUTES = (RemoveHeadersOnCopy, ); }; };
		86E910A32A7F9F3C00C7BE5E /* ContentView.swift in Sources */ = {isa = PBXBuildFile; fileRef = 86E910A22A7F9F3C00C7BE5E /* ContentView.swift */; };
		86E910A52A7F9F3C00C7BE5E /* NotificationController.swift in Sources */ = {isa = PBXBuildFile; fileRef = 86E910A42A7F9F3C00C7BE5E /* NotificationController.swift */; };
		86E910A72A7F9F3C00C7BE5E /* NotificationView.swift in Sources */ = {isa = PBXBuildFile; fileRef = 86E910A62A7F9F3C00C7BE5E /* NotificationView.swift */; };
		86E910A92A7F9F3C00C7BE5E /* ComplicationController.swift in Sources */ = {isa = PBXBuildFile; fileRef = 86E910A82A7F9F3C00C7BE5E /* ComplicationController.swift */; };
		86E910AB2A7F9F3C00C7BE5E /* Assets.xcassets in Resources */ = {isa = PBXBuildFile; fileRef = 86E910AA2A7F9F3C00C7BE5E /* Assets.xcassets */; };
		86E910AE2A7F9F3C00C7BE5E /* Preview Assets.xcassets in Resources */ = {isa = PBXBuildFile; fileRef = 86E910AD2A7F9F3C00C7BE5E /* Preview Assets.xcassets */; };
		86E910B32A7F9F3C00C7BE5E /* WatchLandmarks.app in Embed Watch Content */ = {isa = PBXBuildFile; fileRef = 86E910932A7F9F3B00C7BE5E /* WatchLandmarks.app */; settings = {ATTRIBUTES = (RemoveHeadersOnCopy, ); }; };
		86E910BC2A7FA8EA00C7BE5E /* MapView.swift in Sources */ = {isa = PBXBuildFile; fileRef = 86FE7ECC2A725A07003444E0 /* MapView.swift */; };
		86E910BD2A7FA8EA00C7BE5E /* Landmark.swift in Sources */ = {isa = PBXBuildFile; fileRef = 86D1BCC92A7571DD009EF498 /* Landmark.swift */; };
		86E910BE2A7FA8EA00C7BE5E /* Profile.swift in Sources */ = {isa = PBXBuildFile; fileRef = 8695A8002A7B85D000687085 /* Profile.swift */; };
		86E910BF2A7FA8EA00C7BE5E /* Assets.xcassets in Resources */ = {isa = PBXBuildFile; fileRef = 86FE7EC02A7252CD003444E0 /* Assets.xcassets */; };
		86E910C02A7FA8EA00C7BE5E /* CircleImage.swift in Sources */ = {isa = PBXBuildFile; fileRef = 86FE7ECA2A72589D003444E0 /* CircleImage.swift */; };
		86E910C12A7FA8EA00C7BE5E /* LandmarkRow.swift in Sources */ = {isa = PBXBuildFile; fileRef = 8673C9922A76182600244C9F /* LandmarkRow.swift */; };
		86E910C22A7FA8EA00C7BE5E /* landmarkData.json in Resources */ = {isa = PBXBuildFile; fileRef = 86D1BCC72A75718A009EF498 /* landmarkData.json */; };
		86E910C32A7FA8EA00C7BE5E /* hikeData.json in Resources */ = {isa = PBXBuildFile; fileRef = 8603AB532A78E81600801016 /* hikeData.json */; };
		86E910C42A7FA8EA00C7BE5E /* LandmarkList.swift in Sources */ = {isa = PBXBuildFile; fileRef = 8673C9942A761EC600244C9F /* LandmarkList.swift */; };
		86E910C52A7FA8EA00C7BE5E /* Hike.swift in Sources */ = {isa = PBXBuildFile; fileRef = 8603AB552A78E83400801016 /* Hike.swift */; };
		86E910C62A7FA8EA00C7BE5E /* ModelData.swift in Sources */ = {isa = PBXBuildFile; fileRef = 86D1BCCB2A75727B009EF498 /* ModelData.swift */; };
		86E910C72A7FA8EA00C7BE5E /* LandmarksApp.swift in Sources */ = {isa = PBXBuildFile; fileRef = 86FE7EBC2A7252CC003444E0 /* LandmarksApp.swift */; };
		86E910C92A7FAA0C00C7BE5E /* LandmarkDetail.swift in Sources */ = {isa = PBXBuildFile; fileRef = 86E910C82A7FAA0C00C7BE5E /* LandmarkDetail.swift */; };
		86E910D32A80C19A00C7BE5E /* ContentView.swift in Sources */ = {isa = PBXBuildFile; fileRef = 86E910D22A80C19A00C7BE5E /* ContentView.swift */; };
		86E910D52A80C19B00C7BE5E /* Assets.xcassets in Resources */ = {isa = PBXBuildFile; fileRef = 86E910D42A80C19B00C7BE5E /* Assets.xcassets */; };
		86E910D82A80C19B00C7BE5E /* Preview Assets.xcassets in Resources */ = {isa = PBXBuildFile; fileRef = 86E910D72A80C19B00C7BE5E /* Preview Assets.xcassets */; };
		86E910DD2A80C38E00C7BE5E /* LandmarkRow.swift in Sources */ = {isa = PBXBuildFile; fileRef = 8673C9922A76182600244C9F /* LandmarkRow.swift */; };
		86E910DE2A80C38E00C7BE5E /* Hike.swift in Sources */ = {isa = PBXBuildFile; fileRef = 8603AB552A78E83400801016 /* Hike.swift */; };
		86E910DF2A80C38E00C7BE5E /* hikeData.json in Resources */ = {isa = PBXBuildFile; fileRef = 8603AB532A78E81600801016 /* hikeData.json */; };
		86E910E02A80C38E00C7BE5E /* CircleImage.swift in Sources */ = {isa = PBXBuildFile; fileRef = 86FE7ECA2A72589D003444E0 /* CircleImage.swift */; };
		86E910E12A80C38E00C7BE5E /* Assets.xcassets in Resources */ = {isa = PBXBuildFile; fileRef = 86FE7EC02A7252CD003444E0 /* Assets.xcassets */; };
		86E910E22A80C38E00C7BE5E /* Landmark.swift in Sources */ = {isa = PBXBuildFile; fileRef = 86D1BCC92A7571DD009EF498 /* Landmark.swift */; };
		86E910E32A80C38E00C7BE5E /* Profile.swift in Sources */ = {isa = PBXBuildFile; fileRef = 8695A8002A7B85D000687085 /* Profile.swift */; };
		86E910E42A80C38E00C7BE5E /* LandmarksApp.swift in Sources */ = {isa = PBXBuildFile; fileRef = 86FE7EBC2A7252CC003444E0 /* LandmarksApp.swift */; };
		86E910E52A80C38E00C7BE5E /* MapView.swift in Sources */ = {isa = PBXBuildFile; fileRef = 86FE7ECC2A725A07003444E0 /* MapView.swift */; };
		86E910E62A80C38E00C7BE5E /* ModelData.swift in Sources */ = {isa = PBXBuildFile; fileRef = 86D1BCCB2A75727B009EF498 /* ModelData.swift */; };
		86E910E72A80C38E00C7BE5E /* FavoriteButton.swift in Sources */ = {isa = PBXBuildFile; fileRef = 8673C9982A77784B00244C9F /* FavoriteButton.swift */; };
		86E910E82A80C38E00C7BE5E /* landmarkData.json in Resources */ = {isa = PBXBuildFile; fileRef = 86D1BCC72A75718A009EF498 /* landmarkData.json */; };
		86E910E92A80C38E00C7BE5E /* LandmarkList.swift in Sources */ = {isa = PBXBuildFile; fileRef = 8673C9942A761EC600244C9F /* LandmarkList.swift */; };
		86FE7EBD2A7252CC003444E0 /* LandmarksApp.swift in Sources */ = {isa = PBXBuildFile; fileRef = 86FE7EBC2A7252CC003444E0 /* LandmarksApp.swift */; };
		86FE7EBF2A7252CC003444E0 /* ContentView.swift in Sources */ = {isa = PBXBuildFile; fileRef = 86FE7EBE2A7252CC003444E0 /* ContentView.swift */; };
		86FE7EC12A7252CD003444E0 /* Assets.xcassets in Resources */ = {isa = PBXBuildFile; fileRef = 86FE7EC02A7252CD003444E0 /* Assets.xcassets */; };
		86FE7EC42A7252CD003444E0 /* Preview Assets.xcassets in Resources */ = {isa = PBXBuildFile; fileRef = 86FE7EC32A7252CD003444E0 /* Preview Assets.xcassets */; };
		86FE7ECB2A72589D003444E0 /* CircleImage.swift in Sources */ = {isa = PBXBuildFile; fileRef = 86FE7ECA2A72589D003444E0 /* CircleImage.swift */; };
		86FE7ECD2A725A07003444E0 /* MapView.swift in Sources */ = {isa = PBXBuildFile; fileRef = 86FE7ECC2A725A07003444E0 /* MapView.swift */; };
/* End PBXBuildFile section */

/* Begin PBXContainerItemProxy section */
		86E9109D2A7F9F3C00C7BE5E /* PBXContainerItemProxy */ = {
			isa = PBXContainerItemProxy;
			containerPortal = 86FE7EB12A7252CC003444E0 /* Project object */;
			proxyType = 1;
			remoteGlobalIDString = 86E9109A2A7F9F3C00C7BE5E;
			remoteInfo = "WatchLandmarks WatchKit Extension";
		};
		86E910B12A7F9F3C00C7BE5E /* PBXContainerItemProxy */ = {
			isa = PBXContainerItemProxy;
			containerPortal = 86FE7EB12A7252CC003444E0 /* Project object */;
			proxyType = 1;
			remoteGlobalIDString = 86E910922A7F9F3B00C7BE5E;
			remoteInfo = WatchLandmarks;
		};
/* End PBXContainerItemProxy section */

/* Begin PBXCopyFilesBuildPhase section */
		86E910B42A7F9F3C00C7BE5E /* Embed Watch Content */ = {
			isa = PBXCopyFilesBuildPhase;
			buildActionMask = 2147483647;
			dstPath = "$(CONTENTS_FOLDER_PATH)/Watch";
			dstSubfolderSpec = 16;
			files = (
				86E910B32A7F9F3C00C7BE5E /* WatchLandmarks.app in Embed Watch Content */,
			);
			name = "Embed Watch Content";
			runOnlyForDeploymentPostprocessing = 0;
		};
		86E910B72A7F9F3C00C7BE5E /* Embed App Extensions */ = {
			isa = PBXCopyFilesBuildPhase;
			buildActionMask = 2147483647;
			dstPath = "";
			dstSubfolderSpec = 13;
			files = (
				86E9109C2A7F9F3C00C7BE5E /* WatchLandmarks WatchKit Extension.appex in Embed App Extensions */,
			);
			name = "Embed App Extensions";
			runOnlyForDeploymentPostprocessing = 0;
		};
/* End PBXCopyFilesBuildPhase section */

/* Begin PBXFileReference section */
		8603AB462A78C42600801016 /* HexagonParameters.swift */ = {isa = PBXFileReference; lastKnownFileType = sourcecode.swift; path = HexagonParameters.swift; sourceTree = "<group>"; };
		8603AB482A78C55200801016 /* BadgeBackground.swift */ = {isa = PBXFileReference; lastKnownFileType = sourcecode.swift; path = BadgeBackground.swift; sourceTree = "<group>"; };
		8603AB4C2A78C83A00801016 /* BadgeSymbol.swift */ = {isa = PBXFileReference; lastKnownFileType = sourcecode.swift; path = BadgeSymbol.swift; sourceTree = "<group>"; };
		8603AB4E2A78CDFC00801016 /* RotatedBadgeSymbol.swift */ = {isa = PBXFileReference; lastKnownFileType = sourcecode.swift; path = RotatedBadgeSymbol.swift; sourceTree = "<group>"; };
		8603AB502A78CE6B00801016 /* Badge.swift */ = {isa = PBXFileReference; lastKnownFileType = sourcecode.swift; path = Badge.swift; sourceTree = "<group>"; };
		8603AB532A78E81600801016 /* hikeData.json */ = {isa = PBXFileReference; fileEncoding = 4; lastKnownFileType = text.json; path = hikeData.json; sourceTree = "<group>"; };
		8603AB552A78E83400801016 /* Hike.swift */ = {isa = PBXFileReference; lastKnownFileType = sourcecode.swift; path = Hike.swift; sourceTree = "<group>"; };
		8603AB582A78E8E500801016 /* GraphCapsule.swift */ = {isa = PBXFileReference; fileEncoding = 4; lastKnownFileType = sourcecode.swift; path = GraphCapsule.swift; sourceTree = "<group>"; };
		8603AB592A78E8E500801016 /* HikeGraph.swift */ = {isa = PBXFileReference; fileEncoding = 4; lastKnownFileType = sourcecode.swift; path = HikeGraph.swift; sourceTree = "<group>"; };
		8603AB5A2A78E8E500801016 /* HikeDetail.swift */ = {isa = PBXFileReference; fileEncoding = 4; lastKnownFileType = sourcecode.swift; path = HikeDetail.swift; sourceTree = "<group>"; };
		8603AB5B2A78E8E500801016 /* HikeView.swift */ = {isa = PBXFileReference; fileEncoding = 4; lastKnownFileType = sourcecode.swift; path = HikeView.swift; sourceTree = "<group>"; };
		8603AB602A7A2BFA00801016 /* CategoryHome.swift */ = {isa = PBXFileReference; lastKnownFileType = sourcecode.swift; path = CategoryHome.swift; sourceTree = "<group>"; };
		8603AB632A7A2DC000801016 /* CategoryRow.swift */ = {isa = PBXFileReference; lastKnownFileType = sourcecode.swift; path = CategoryRow.swift; sourceTree = "<group>"; };
		8603AB652A7A2EB900801016 /* CategoryItem.swift */ = {isa = PBXFileReference; lastKnownFileType = sourcecode.swift; path = CategoryItem.swift; sourceTree = "<group>"; };
		862CCEF02A7C99BD007B58C3 /* PageViewController.swift */ = {isa = PBXFileReference; lastKnownFileType = sourcecode.swift; path = PageViewController.swift; sourceTree = "<group>"; };
		862CCEF32A7C9ACB007B58C3 /* FeatureCard.swift */ = {isa = PBXFileReference; lastKnownFileType = sourcecode.swift; path = FeatureCard.swift; sourceTree = "<group>"; };
		862CCEF52A7C9B3F007B58C3 /* PageView.swift */ = {isa = PBXFileReference; lastKnownFileType = sourcecode.swift; path = PageView.swift; sourceTree = "<group>"; };
		862CCEF92A7CA457007B58C3 /* PageControl.swift */ = {isa = PBXFileReference; lastKnownFileType = sourcecode.swift; path = PageControl.swift; sourceTree = "<group>"; };
		8673C9922A76182600244C9F /* LandmarkRow.swift */ = {isa = PBXFileReference; lastKnownFileType = sourcecode.swift; path = LandmarkRow.swift; sourceTree = "<group>"; };
		8673C9942A761EC600244C9F /* LandmarkList.swift */ = {isa = PBXFileReference; lastKnownFileType = sourcecode.swift; path = LandmarkList.swift; sourceTree = "<group>"; };
		8673C9962A76202E00244C9F /* LandmarkDetail.swift */ = {isa = PBXFileReference; lastKnownFileType = sourcecode.swift; path = LandmarkDetail.swift; sourceTree = "<group>"; };
		8673C9982A77784B00244C9F /* FavoriteButton.swift */ = {isa = PBXFileReference; lastKnownFileType = sourcecode.swift; path = FavoriteButton.swift; sourceTree = "<group>"; };
		8695A8002A7B85D000687085 /* Profile.swift */ = {isa = PBXFileReference; lastKnownFileType = sourcecode.swift; path = Profile.swift; sourceTree = "<group>"; };
		8695A8022A7B860F00687085 /* ProfileHost.swift */ = {isa = PBXFileReference; lastKnownFileType = sourcecode.swift; path = ProfileHost.swift; sourceTree = "<group>"; };
		8695A8052A7B864800687085 /* ProfileSummary.swift */ = {isa = PBXFileReference; lastKnownFileType = sourcecode.swift; path = ProfileSummary.swift; sourceTree = "<group>"; };
		8695A8072A7B86C700687085 /* HikeBadge.swift */ = {isa = PBXFileReference; lastKnownFileType = sourcecode.swift; path = HikeBadge.swift; sourceTree = "<group>"; };
		8695A8092A7BA95C00687085 /* ProfileEditor.swift */ = {isa = PBXFileReference; lastKnownFileType = sourcecode.swift; path = ProfileEditor.swift; sourceTree = "<group>"; };
		86D1BCC72A75718A009EF498 /* landmarkData.json */ = {isa = PBXFileReference; fileEncoding = 4; lastKnownFileType = text.json; path = landmarkData.json; sourceTree = "<group>"; };
		86D1BCC92A7571DD009EF498 /* Landmark.swift */ = {isa = PBXFileReference; lastKnownFileType = sourcecode.swift; path = Landmark.swift; sourceTree = "<group>"; };
		86D1BCCB2A75727B009EF498 /* ModelData.swift */ = {isa = PBXFileReference; lastKnownFileType = sourcecode.swift; path = ModelData.swift; sourceTree = "<group>"; };
		86E910932A7F9F3B00C7BE5E /* WatchLandmarks.app */ = {isa = PBXFileReference; explicitFileType = wrapper.application; includeInIndex = 0; path = WatchLandmarks.app; sourceTree = BUILT_PRODUCTS_DIR; };
		86E910952A7F9F3C00C7BE5E /* Assets.xcassets */ = {isa = PBXFileReference; lastKnownFileType = folder.assetcatalog; path = Assets.xcassets; sourceTree = "<group>"; };
		86E9109B2A7F9F3C00C7BE5E /* WatchLandmarks WatchKit Extension.appex */ = {isa = PBXFileReference; explicitFileType = "wrapper.app-extension"; includeInIndex = 0; path = "WatchLandmarks WatchKit Extension.appex"; sourceTree = BUILT_PRODUCTS_DIR; };
		86E910A22A7F9F3C00C7BE5E /* ContentView.swift */ = {isa = PBXFileReference; lastKnownFileType = sourcecode.swift; path = ContentView.swift; sourceTree = "<group>"; };
		86E910A42A7F9F3C00C7BE5E /* NotificationController.swift */ = {isa = PBXFileReference; lastKnownFileType = sourcecode.swift; path = NotificationController.swift; sourceTree = "<group>"; };
		86E910A62A7F9F3C00C7BE5E /* NotificationView.swift */ = {isa = PBXFileReference; lastKnownFileType = sourcecode.swift; path = NotificationView.swift; sourceTree = "<group>"; };
		86E910A82A7F9F3C00C7BE5E /* ComplicationController.swift */ = {isa = PBXFileReference; lastKnownFileType = sourcecode.swift; path = ComplicationController.swift; sourceTree = "<group>"; };
		86E910AA2A7F9F3C00C7BE5E /* Assets.xcassets */ = {isa = PBXFileReference; lastKnownFileType = folder.assetcatalog; path = Assets.xcassets; sourceTree = "<group>"; };
		86E910AD2A7F9F3C00C7BE5E /* Preview Assets.xcassets */ = {isa = PBXFileReference; lastKnownFileType = folder.assetcatalog; path = "Preview Assets.xcassets"; sourceTree = "<group>"; };
		86E910AF2A7F9F3C00C7BE5E /* Info.plist */ = {isa = PBXFileReference; lastKnownFileType = text.plist.xml; path = Info.plist; sourceTree = "<group>"; };
		86E910B02A7F9F3C00C7BE5E /* PushNotificationPayload.apns */ = {isa = PBXFileReference; lastKnownFileType = text; path = PushNotificationPayload.apns; sourceTree = "<group>"; };
		86E910C82A7FAA0C00C7BE5E /* LandmarkDetail.swift */ = {isa = PBXFileReference; lastKnownFileType = sourcecode.swift; name = LandmarkDetail.swift; path = WatchLandmarks/LandmarkDetail.swift; sourceTree = SOURCE_ROOT; };
		86E910CE2A80C19A00C7BE5E /* MacLandmarks.app */ = {isa = PBXFileReference; explicitFileType = wrapper.application; includeInIndex = 0; path = MacLandmarks.app; sourceTree = BUILT_PRODUCTS_DIR; };
		86E910D22A80C19A00C7BE5E /* ContentView.swift */ = {isa = PBXFileReference; lastKnownFileType = sourcecode.swift; path = ContentView.swift; sourceTree = "<group>"; };
		86E910D42A80C19B00C7BE5E /* Assets.xcassets */ = {isa = PBXFileReference; lastKnownFileType = folder.assetcatalog; path = Assets.xcassets; sourceTree = "<group>"; };
		86E910D72A80C19B00C7BE5E /* Preview Assets.xcassets */ = {isa = PBXFileReference; lastKnownFileType = folder.assetcatalog; path = "Preview Assets.xcassets"; sourceTree = "<group>"; };
		86E910D92A80C19B00C7BE5E /* MacLandmarks.entitlements */ = {isa = PBXFileReference; lastKnownFileType = text.plist.entitlements; path = MacLandmarks.entitlements; sourceTree = "<group>"; };
		86FE7EB92A7252CC003444E0 /* Landmarks.app */ = {isa = PBXFileReference; explicitFileType = wrapper.application; includeInIndex = 0; path = Landmarks.app; sourceTree = BUILT_PRODUCTS_DIR; };
		86FE7EBC2A7252CC003444E0 /* LandmarksApp.swift */ = {isa = PBXFileReference; lastKnownFileType = sourcecode.swift; path = LandmarksApp.swift; sourceTree = "<group>"; };
		86FE7EBE2A7252CC003444E0 /* ContentView.swift */ = {isa = PBXFileReference; lastKnownFileType = sourcecode.swift; path = ContentView.swift; sourceTree = "<group>"; };
		86FE7EC02A7252CD003444E0 /* Assets.xcassets */ = {isa = PBXFileReference; lastKnownFileType = folder.assetcatalog; path = Assets.xcassets; sourceTree = "<group>"; };
		86FE7EC32A7252CD003444E0 /* Preview Assets.xcassets */ = {isa = PBXFileReference; lastKnownFileType = folder.assetcatalog; path = "Preview Assets.xcassets"; sourceTree = "<group>"; };
		86FE7ECA2A72589D003444E0 /* CircleImage.swift */ = {isa = PBXFileReference; lastKnownFileType = sourcecode.swift; path = CircleImage.swift; sourceTree = "<group>"; };
		86FE7ECC2A725A07003444E0 /* MapView.swift */ = {isa = PBXFileReference; lastKnownFileType = sourcecode.swift; path = MapView.swift; sourceTree = "<group>"; };
/* End PBXFileReference section */

/* Begin PBXFrameworksBuildPhase section */
		86E910982A7F9F3C00C7BE5E /* Frameworks */ = {
			isa = PBXFrameworksBuildPhase;
			buildActionMask = 2147483647;
			files = (
			);
			runOnlyForDeploymentPostprocessing = 0;
		};
		86E910CB2A80C19A00C7BE5E /* Frameworks */ = {
			isa = PBXFrameworksBuildPhase;
			buildActionMask = 2147483647;
			files = (
			);
			runOnlyForDeploymentPostprocessing = 0;
		};
		86FE7EB62A7252CC003444E0 /* Frameworks */ = {
			isa = PBXFrameworksBuildPhase;
			buildActionMask = 2147483647;
			files = (
			);
			runOnlyForDeploymentPostprocessing = 0;
		};
/* End PBXFrameworksBuildPhase section */

/* Begin PBXGroup section */
		8603AB522A78CF0F00801016 /* Badges */ = {
			isa = PBXGroup;
			children = (
				8603AB462A78C42600801016 /* HexagonParameters.swift */,
				8603AB482A78C55200801016 /* BadgeBackground.swift */,
				8603AB4C2A78C83A00801016 /* BadgeSymbol.swift */,
				8603AB502A78CE6B00801016 /* Badge.swift */,
				8603AB4E2A78CDFC00801016 /* RotatedBadgeSymbol.swift */,
			);
			path = Badges;
			sourceTree = "<group>";
		};
		8603AB572A78E8E500801016 /* Hikes */ = {
			isa = PBXGroup;
			children = (
				8603AB582A78E8E500801016 /* GraphCapsule.swift */,
				8603AB592A78E8E500801016 /* HikeGraph.swift */,
				8695A8072A7B86C700687085 /* HikeBadge.swift */,
				8603AB5A2A78E8E500801016 /* HikeDetail.swift */,
				8603AB5B2A78E8E500801016 /* HikeView.swift */,
			);
			path = Hikes;
			sourceTree = "<group>";
		};
		8603AB622A7A2BFF00801016 /* Categories */ = {
			isa = PBXGroup;
			children = (
				8603AB602A7A2BFA00801016 /* CategoryHome.swift */,
				8603AB632A7A2DC000801016 /* CategoryRow.swift */,
				8603AB652A7A2EB900801016 /* CategoryItem.swift */,
			);
			path = Categories;
			sourceTree = "<group>";
		};
		862CCEF22A7C99C9007B58C3 /* PageView */ = {
			isa = PBXGroup;
			children = (
				862CCEF32A7C9ACB007B58C3 /* FeatureCard.swift */,
				862CCEF02A7C99BD007B58C3 /* PageViewController.swift */,
				862CCEF92A7CA457007B58C3 /* PageControl.swift */,
				862CCEF52A7C9B3F007B58C3 /* PageView.swift */,
			);
			path = PageView;
			sourceTree = "<group>";
		};
		8673C99A2A77788000244C9F /* Helpers */ = {
			isa = PBXGroup;
			children = (
				86FE7ECA2A72589D003444E0 /* CircleImage.swift */,
				86FE7ECC2A725A07003444E0 /* MapView.swift */,
				8673C9982A77784B00244C9F /* FavoriteButton.swift */,
			);
			path = Helpers;
			sourceTree = "<group>";
		};
		8673C99B2A7778B400244C9F /* Landmarks */ = {
			isa = PBXGroup;
			children = (
				8673C9922A76182600244C9F /* LandmarkRow.swift */,
				8673C9942A761EC600244C9F /* LandmarkList.swift */,
				8673C9962A76202E00244C9F /* LandmarkDetail.swift */,
			);
			path = Landmarks;
			sourceTree = "<group>";
		};
		8695A8042A7B862600687085 /* Profiles */ = {
			isa = PBXGroup;
			children = (
				8695A8022A7B860F00687085 /* ProfileHost.swift */,
				8695A8092A7BA95C00687085 /* ProfileEditor.swift */,
				8695A8052A7B864800687085 /* ProfileSummary.swift */,
			);
			path = Profiles;
			sourceTree = "<group>";
		};
		86D1BCCD2A7572A8009EF498 /* Views */ = {
			isa = PBXGroup;
			children = (
				86FE7EBE2A7252CC003444E0 /* ContentView.swift */,
				862CCEF22A7C99C9007B58C3 /* PageView */,
				8695A8042A7B862600687085 /* Profiles */,
				8603AB622A7A2BFF00801016 /* Categories */,
				8603AB572A78E8E500801016 /* Hikes */,
				8603AB522A78CF0F00801016 /* Badges */,
				8673C99B2A7778B400244C9F /* Landmarks */,
				8673C99A2A77788000244C9F /* Helpers */,
			);
			path = Views;
			sourceTree = "<group>";
		};
		86D1BCCE2A7572B8009EF498 /* Model */ = {
			isa = PBXGroup;
			children = (
				86D1BCC92A7571DD009EF498 /* Landmark.swift */,
				8603AB552A78E83400801016 /* Hike.swift */,
				86D1BCCB2A75727B009EF498 /* ModelData.swift */,
				8695A8002A7B85D000687085 /* Profile.swift */,
			);
			path = Model;
			sourceTree = "<group>";
		};
		86D1BCCF2A7572C7009EF498 /* Resources */ = {
			isa = PBXGroup;
			children = (
				86D1BCC72A75718A009EF498 /* landmarkData.json */,
				8603AB532A78E81600801016 /* hikeData.json */,
			);
			path = Resources;
			sourceTree = "<group>";
		};
		86E910942A7F9F3B00C7BE5E /* WatchLandmarks */ = {
			isa = PBXGroup;
			children = (
				86E910952A7F9F3C00C7BE5E /* Assets.xcassets */,
			);
			path = WatchLandmarks;
			sourceTree = "<group>";
		};
		86E9109F2A7F9F3C00C7BE5E /* WatchLandmarks WatchKit Extension */ = {
			isa = PBXGroup;
			children = (
				86E910C82A7FAA0C00C7BE5E /* LandmarkDetail.swift */,
				86E910A22A7F9F3C00C7BE5E /* ContentView.swift */,
				86E910A42A7F9F3C00C7BE5E /* NotificationController.swift */,
				86E910A62A7F9F3C00C7BE5E /* NotificationView.swift */,
				86E910A82A7F9F3C00C7BE5E /* ComplicationController.swift */,
				86E910AA2A7F9F3C00C7BE5E /* Assets.xcassets */,
				86E910AF2A7F9F3C00C7BE5E /* Info.plist */,
				86E910B02A7F9F3C00C7BE5E /* PushNotificationPayload.apns */,
				86E910AC2A7F9F3C00C7BE5E /* Preview Content */,
			);
			path = "WatchLandmarks WatchKit Extension";
			sourceTree = "<group>";
		};
		86E910AC2A7F9F3C00C7BE5E /* Preview Content */ = {
			isa = PBXGroup;
			children = (
				86E910AD2A7F9F3C00C7BE5E /* Preview Assets.xcassets */,
			);
			path = "Preview Content";
			sourceTree = "<group>";
		};
		86E910CF2A80C19A00C7BE5E /* MacLandmarks */ = {
			isa = PBXGroup;
			children = (
				86E910D22A80C19A00C7BE5E /* ContentView.swift */,
				86E910D42A80C19B00C7BE5E /* Assets.xcassets */,
				86E910D92A80C19B00C7BE5E /* MacLandmarks.entitlements */,
				86E910D62A80C19B00C7BE5E /* Preview Content */,
			);
			path = MacLandmarks;
			sourceTree = "<group>";
		};
		86E910D62A80C19B00C7BE5E /* Preview Content */ = {
			isa = PBXGroup;
			children = (
				86E910D72A80C19B00C7BE5E /* Preview Assets.xcassets */,
			);
			path = "Preview Content";
			sourceTree = "<group>";
		};
		86FE7EB02A7252CC003444E0 = {
			isa = PBXGroup;
			children = (
				86FE7EBB2A7252CC003444E0 /* Landmarks */,
				86E910942A7F9F3B00C7BE5E /* WatchLandmarks */,
				86E9109F2A7F9F3C00C7BE5E /* WatchLandmarks WatchKit Extension */,
				86E910CF2A80C19A00C7BE5E /* MacLandmarks */,
				86FE7EBA2A7252CC003444E0 /* Products */,
			);
			sourceTree = "<group>";
		};
		86FE7EBA2A7252CC003444E0 /* Products */ = {
			isa = PBXGroup;
			children = (
				86FE7EB92A7252CC003444E0 /* Landmarks.app */,
				86E910932A7F9F3B00C7BE5E /* WatchLandmarks.app */,
				86E9109B2A7F9F3C00C7BE5E /* WatchLandmarks WatchKit Extension.appex */,
				86E910CE2A80C19A00C7BE5E /* MacLandmarks.app */,
			);
			name = Products;
			sourceTree = "<group>";
		};
		86FE7EBB2A7252CC003444E0 /* Landmarks */ = {
			isa = PBXGroup;
			children = (
				86FE7EBC2A7252CC003444E0 /* LandmarksApp.swift */,
				86D1BCCD2A7572A8009EF498 /* Views */,
				86D1BCCF2A7572C7009EF498 /* Resources */,
				86D1BCCE2A7572B8009EF498 /* Model */,
				86FE7EC02A7252CD003444E0 /* Assets.xcassets */,
				86FE7EC22A7252CD003444E0 /* Preview Content */,
			);
			path = Landmarks;
			sourceTree = "<group>";
		};
		86FE7EC22A7252CD003444E0 /* Preview Content */ = {
			isa = PBXGroup;
			children = (
				86FE7EC32A7252CD003444E0 /* Preview Assets.xcassets */,
			);
			path = "Preview Content";
			sourceTree = "<group>";
		};
/* End PBXGroup section */

/* Begin PBXNativeTarget section */
		86E910922A7F9F3B00C7BE5E /* WatchLandmarks */ = {
			isa = PBXNativeTarget;
			buildConfigurationList = 86E910BB2A7F9F3C00C7BE5E /* Build configuration list for PBXNativeTarget "WatchLandmarks" */;
			buildPhases = (
				86E910912A7F9F3B00C7BE5E /* Resources */,
				86E910B72A7F9F3C00C7BE5E /* Embed App Extensions */,
			);
			buildRules = (
			);
			dependencies = (
				86E9109E2A7F9F3C00C7BE5E /* PBXTargetDependency */,
			);
			name = WatchLandmarks;
			productName = WatchLandmarks;
			productReference = 86E910932A7F9F3B00C7BE5E /* WatchLandmarks.app */;
			productType = "com.apple.product-type.application.watchapp2";
		};
		86E9109A2A7F9F3C00C7BE5E /* WatchLandmarks WatchKit Extension */ = {
			isa = PBXNativeTarget;
			buildConfigurationList = 86E910BA2A7F9F3C00C7BE5E /* Build configuration list for PBXNativeTarget "WatchLandmarks WatchKit Extension" */;
			buildPhases = (
				86E910972A7F9F3C00C7BE5E /* Sources */,
				86E910982A7F9F3C00C7BE5E /* Frameworks */,
				86E910992A7F9F3C00C7BE5E /* Resources */,
			);
			buildRules = (
			);
			dependencies = (
			);
			name = "WatchLandmarks WatchKit Extension";
			productName = "WatchLandmarks WatchKit Extension";
			productReference = 86E9109B2A7F9F3C00C7BE5E /* WatchLandmarks WatchKit Extension.appex */;
			productType = "com.apple.product-type.watchkit2-extension";
		};
		86E910CD2A80C19A00C7BE5E /* MacLandmarks */ = {
			isa = PBXNativeTarget;
			buildConfigurationList = 86E910DA2A80C19B00C7BE5E /* Build configuration list for PBXNativeTarget "MacLandmarks" */;
			buildPhases = (
				86E910CA2A80C19A00C7BE5E /* Sources */,
				86E910CB2A80C19A00C7BE5E /* Frameworks */,
				86E910CC2A80C19A00C7BE5E /* Resources */,
			);
			buildRules = (
			);
			dependencies = (
			);
			name = MacLandmarks;
			productName = MacLandmarks;
			productReference = 86E910CE2A80C19A00C7BE5E /* MacLandmarks.app */;
			productType = "com.apple.product-type.application";
		};
		86FE7EB82A7252CC003444E0 /* Landmarks */ = {
			isa = PBXNativeTarget;
			buildConfigurationList = 86FE7EC72A7252CD003444E0 /* Build configuration list for PBXNativeTarget "Landmarks" */;
			buildPhases = (
				86FE7EB52A7252CC003444E0 /* Sources */,
				86FE7EB62A7252CC003444E0 /* Frameworks */,
				86FE7EB72A7252CC003444E0 /* Resources */,
				86E910B42A7F9F3C00C7BE5E /* Embed Watch Content */,
			);
			buildRules = (
			);
			dependencies = (
				86E910B22A7F9F3C00C7BE5E /* PBXTargetDependency */,
			);
			name = Landmarks;
			productName = Landmarks;
			productReference = 86FE7EB92A7252CC003444E0 /* Landmarks.app */;
			productType = "com.apple.product-type.application";
		};
/* End PBXNativeTarget section */

/* Begin PBXProject section */
		86FE7EB12A7252CC003444E0 /* Project object */ = {
			isa = PBXProject;
			attributes = {
				BuildIndependentTargetsInParallel = 1;
				LastSwiftUpdateCheck = 1340;
				LastUpgradeCheck = 1340;
				TargetAttributes = {
					86E910922A7F9F3B00C7BE5E = {
						CreatedOnToolsVersion = 13.4.1;
					};
					86E9109A2A7F9F3C00C7BE5E = {
						CreatedOnToolsVersion = 13.4.1;
					};
					86E910CD2A80C19A00C7BE5E = {
						CreatedOnToolsVersion = 13.4.1;
					};
					86FE7EB82A7252CC003444E0 = {
						CreatedOnToolsVersion = 13.4.1;
					};
				};
			};
			buildConfigurationList = 86FE7EB42A7252CC003444E0 /* Build configuration list for PBXProject "Landmarks" */;
			compatibilityVersion = "Xcode 13.0";
			developmentRegion = en;
			hasScannedForEncodings = 0;
			knownRegions = (
				en,
				Base,
			);
			mainGroup = 86FE7EB02A7252CC003444E0;
			productRefGroup = 86FE7EBA2A7252CC003444E0 /* Products */;
			projectDirPath = "";
			projectRoot = "";
			targets = (
				86FE7EB82A7252CC003444E0 /* Landmarks */,
				86E910922A7F9F3B00C7BE5E /* WatchLandmarks */,
				86E9109A2A7F9F3C00C7BE5E /* WatchLandmarks WatchKit Extension */,
				86E910CD2A80C19A00C7BE5E /* MacLandmarks */,
			);
		};
/* End PBXProject section */

/* Begin PBXResourcesBuildPhase section */
		86E910912A7F9F3B00C7BE5E /* Resources */ = {
			isa = PBXResourcesBuildPhase;
			buildActionMask = 2147483647;
			files = (
				86E910962A7F9F3C00C7BE5E /* Assets.xcassets in Resources */,
			);
			runOnlyForDeploymentPostprocessing = 0;
		};
		86E910992A7F9F3C00C7BE5E /* Resources */ = {
			isa = PBXResourcesBuildPhase;
			buildActionMask = 2147483647;
			files = (
				86E910AE2A7F9F3C00C7BE5E /* Preview Assets.xcassets in Resources */,
				86E910C22A7FA8EA00C7BE5E /* landmarkData.json in Resources */,
				86E910BF2A7FA8EA00C7BE5E /* Assets.xcassets in Resources */,
				86E910AB2A7F9F3C00C7BE5E /* Assets.xcassets in Resources */,
				86E910C32A7FA8EA00C7BE5E /* hikeData.json in Resources */,
			);
			runOnlyForDeploymentPostprocessing = 0;
		};
		86E910CC2A80C19A00C7BE5E /* Resources */ = {
			isa = PBXResourcesBuildPhase;
			buildActionMask = 2147483647;
			files = (
				86E910D82A80C19B00C7BE5E /* Preview Assets.xcassets in Resources */,
				86E910DF2A80C38E00C7BE5E /* hikeData.json in Resources */,
				86E910E12A80C38E00C7BE5E /* Assets.xcassets in Resources */,
				86E910E82A80C38E00C7BE5E /* landmarkData.json in Resources */,
				86E910D52A80C19B00C7BE5E /* Assets.xcassets in Resources */,
			);
			runOnlyForDeploymentPostprocessing = 0;
		};
		86FE7EB72A7252CC003444E0 /* Resources */ = {
			isa = PBXResourcesBuildPhase;
			buildActionMask = 2147483647;
			files = (
				8603AB542A78E81600801016 /* hikeData.json in Resources */,
				86FE7EC42A7252CD003444E0 /* Preview Assets.xcassets in Resources */,
				86FE7EC12A7252CD003444E0 /* Assets.xcassets in Resources */,
				86D1BCC82A75718A009EF498 /* landmarkData.json in Resources */,
			);
			runOnlyForDeploymentPostprocessing = 0;
		};
/* End PBXResourcesBuildPhase section */

/* Begin PBXSourcesBuildPhase section */
		86E910972A7F9F3C00C7BE5E /* Sources */ = {
			isa = PBXSourcesBuildPhase;
			buildActionMask = 2147483647;
			files = (
				86E910A52A7F9F3C00C7BE5E /* NotificationController.swift in Sources */,
				86E910C02A7FA8EA00C7BE5E /* CircleImage.swift in Sources */,
				86E910A32A7F9F3C00C7BE5E /* ContentView.swift in Sources */,
				86E910BC2A7FA8EA00C7BE5E /* MapView.swift in Sources */,
				86E910C52A7FA8EA00C7BE5E /* Hike.swift in Sources */,
				86E910C62A7FA8EA00C7BE5E /* ModelData.swift in Sources */,
				86E910C92A7FAA0C00C7BE5E /* LandmarkDetail.swift in Sources */,
				86E910BE2A7FA8EA00C7BE5E /* Profile.swift in Sources */,
				86E910A92A7F9F3C00C7BE5E /* ComplicationController.swift in Sources */,
				86E910A72A7F9F3C00C7BE5E /* NotificationView.swift in Sources */,
				86E910BD2A7FA8EA00C7BE5E /* Landmark.swift in Sources */,
				86E910C72A7FA8EA00C7BE5E /* LandmarksApp.swift in Sources */,
				86E910C12A7FA8EA00C7BE5E /* LandmarkRow.swift in Sources */,
				86E910C42A7FA8EA00C7BE5E /* LandmarkList.swift in Sources */,
			);
			runOnlyForDeploymentPostprocessing = 0;
		};
		86E910CA2A80C19A00C7BE5E /* Sources */ = {
			isa = PBXSourcesBuildPhase;
			buildActionMask = 2147483647;
			files = (
				86E910DE2A80C38E00C7BE5E /* Hike.swift in Sources */,
				86E910E92A80C38E00C7BE5E /* LandmarkList.swift in Sources */,
				86E910E52A80C38E00C7BE5E /* MapView.swift in Sources */,
				86E910E62A80C38E00C7BE5E /* ModelData.swift in Sources */,
				86E910E72A80C38E00C7BE5E /* FavoriteButton.swift in Sources */,
				86E910E42A80C38E00C7BE5E /* LandmarksApp.swift in Sources */,
				86E910E32A80C38E00C7BE5E /* Profile.swift in Sources */,
				86E910E02A80C38E00C7BE5E /* CircleImage.swift in Sources */,
				86E910DD2A80C38E00C7BE5E /* LandmarkRow.swift in Sources */,
				86E910D32A80C19A00C7BE5E /* ContentView.swift in Sources */,
				86E910E22A80C38E00C7BE5E /* Landmark.swift in Sources */,
			);
			runOnlyForDeploymentPostprocessing = 0;
		};
		86FE7EB52A7252CC003444E0 /* Sources */ = {
			isa = PBXSourcesBuildPhase;
			buildActionMask = 2147483647;
			files = (
				8603AB642A7A2DC000801016 /* CategoryRow.swift in Sources */,
				8695A8012A7B85D000687085 /* Profile.swift in Sources */,
				86FE7EBF2A7252CC003444E0 /* ContentView.swift in Sources */,
				8603AB612A7A2BFA00801016 /* CategoryHome.swift in Sources */,
				862CCEF42A7C9ACB007B58C3 /* FeatureCard.swift in Sources */,
				8603AB5D2A78E8E500801016 /* HikeGraph.swift in Sources */,
				8603AB512A78CE6B00801016 /* Badge.swift in Sources */,
				86FE7ECD2A725A07003444E0 /* MapView.swift in Sources */,
				8603AB5C2A78E8E500801016 /* GraphCapsule.swift in Sources */,
				86FE7EBD2A7252CC003444E0 /* LandmarksApp.swift in Sources */,
				862CCEFA2A7CA457007B58C3 /* PageControl.swift in Sources */,
				8673C9992A77784B00244C9F /* FavoriteButton.swift in Sources */,
				8603AB662A7A2EB900801016 /* CategoryItem.swift in Sources */,
				8603AB5E2A78E8E500801016 /* HikeDetail.swift in Sources */,
				8695A8062A7B864800687085 /* ProfileSummary.swift in Sources */,
				8603AB472A78C42600801016 /* HexagonParameters.swift in Sources */,
				8603AB562A78E83400801016 /* Hike.swift in Sources */,
				8695A8032A7B860F00687085 /* ProfileHost.swift in Sources */,
				8603AB4F2A78CDFC00801016 /* RotatedBadgeSymbol.swift in Sources */,
				862CCEF62A7C9B3F007B58C3 /* PageView.swift in Sources */,
				8603AB4D2A78C83A00801016 /* BadgeSymbol.swift in Sources */,
				8695A80A2A7BA95C00687085 /* ProfileEditor.swift in Sources */,
				8673C9952A761EC600244C9F /* LandmarkList.swift in Sources */,
				8603AB5F2A78E8E500801016 /* HikeView.swift in Sources */,
				8673C9972A76202E00244C9F /* LandmarkDetail.swift in Sources */,
				862CCEF12A7C99BD007B58C3 /* PageViewController.swift in Sources */,
				8603AB492A78C55200801016 /* BadgeBackground.swift in Sources */,
				8695A8082A7B86C700687085 /* HikeBadge.swift in Sources */,
				86FE7ECB2A72589D003444E0 /* CircleImage.swift in Sources */,
				86D1BCCA2A7571DD009EF498 /* Landmark.swift in Sources */,
				8673C9932A76182600244C9F /* LandmarkRow.swift in Sources */,
				86D1BCCC2A75727B009EF498 /* ModelData.swift in Sources */,
			);
			runOnlyForDeploymentPostprocessing = 0;
		};
/* End PBXSourcesBuildPhase section */

/* Begin PBXTargetDependency section */
		86E9109E2A7F9F3C00C7BE5E /* PBXTargetDependency */ = {
			isa = PBXTargetDependency;
			target = 86E9109A2A7F9F3C00C7BE5E /* WatchLandmarks WatchKit Extension */;
			targetProxy = 86E9109D2A7F9F3C00C7BE5E /* PBXContainerItemProxy */;
		};
		86E910B22A7F9F3C00C7BE5E /* PBXTargetDependency */ = {
			isa = PBXTargetDependency;
			target = 86E910922A7F9F3B00C7BE5E /* WatchLandmarks */;
			targetProxy = 86E910B12A7F9F3C00C7BE5E /* PBXContainerItemProxy */;
		};
/* End PBXTargetDependency section */

/* Begin XCBuildConfiguration section */
		86E910B52A7F9F3C00C7BE5E /* Debug */ = {
			isa = XCBuildConfiguration;
			buildSettings = {
				ALWAYS_EMBED_SWIFT_STANDARD_LIBRARIES = YES;
				ASSETCATALOG_COMPILER_APPICON_NAME = AppIcon;
				ASSETCATALOG_COMPILER_GLOBAL_ACCENT_COLOR_NAME = AccentColor;
				CODE_SIGN_STYLE = Automatic;
				CURRENT_PROJECT_VERSION = 1;
				DEVELOPMENT_TEAM = SC2M4P5Z8J;
				GENERATE_INFOPLIST_FILE = YES;
				IBSC_MODULE = WatchLandmarks_WatchKit_Extension;
				INFOPLIST_KEY_CFBundleDisplayName = WatchLandmarks;
				INFOPLIST_KEY_UISupportedInterfaceOrientations = "UIInterfaceOrientationPortrait UIInterfaceOrientationPortraitUpsideDown";
				INFOPLIST_KEY_WKCompanionAppBundleIdentifier = com.torinunna.Landmarks;
				MARKETING_VERSION = 1.0;
				PRODUCT_BUNDLE_IDENTIFIER = com.torinunna.Landmarks.watchkitapp;
				PRODUCT_NAME = "$(TARGET_NAME)";
				SDKROOT = watchos;
				SKIP_INSTALL = YES;
				SWIFT_EMIT_LOC_STRINGS = YES;
				SWIFT_VERSION = 5.0;
				TARGETED_DEVICE_FAMILY = 4;
				WATCHOS_DEPLOYMENT_TARGET = 8.5;
			};
			name = Debug;
		};
		86E910B62A7F9F3C00C7BE5E /* Release */ = {
			isa = XCBuildConfiguration;
			buildSettings = {
				ALWAYS_EMBED_SWIFT_STANDARD_LIBRARIES = YES;
				ASSETCATALOG_COMPILER_APPICON_NAME = AppIcon;
				ASSETCATALOG_COMPILER_GLOBAL_ACCENT_COLOR_NAME = AccentColor;
				CODE_SIGN_STYLE = Automatic;
				CURRENT_PROJECT_VERSION = 1;
				DEVELOPMENT_TEAM = SC2M4P5Z8J;
				GENERATE_INFOPLIST_FILE = YES;
				IBSC_MODULE = WatchLandmarks_WatchKit_Extension;
				INFOPLIST_KEY_CFBundleDisplayName = WatchLandmarks;
				INFOPLIST_KEY_UISupportedInterfaceOrientations = "UIInterfaceOrientationPortrait UIInterfaceOrientationPortraitUpsideDown";
				INFOPLIST_KEY_WKCompanionAppBundleIdentifier = com.torinunna.Landmarks;
				MARKETING_VERSION = 1.0;
				PRODUCT_BUNDLE_IDENTIFIER = com.torinunna.Landmarks.watchkitapp;
				PRODUCT_NAME = "$(TARGET_NAME)";
				SDKROOT = watchos;
				SKIP_INSTALL = YES;
				SWIFT_EMIT_LOC_STRINGS = YES;
				SWIFT_VERSION = 5.0;
				TARGETED_DEVICE_FAMILY = 4;
				WATCHOS_DEPLOYMENT_TARGET = 8.5;
			};
			name = Release;
		};
		86E910B82A7F9F3C00C7BE5E /* Debug */ = {
			isa = XCBuildConfiguration;
			buildSettings = {
				ASSETCATALOG_COMPILER_COMPLICATION_NAME = Complication;
				CODE_SIGN_STYLE = Automatic;
				CURRENT_PROJECT_VERSION = 1;
				DEVELOPMENT_ASSET_PATHS = "\"WatchLandmarks WatchKit Extension/Preview Content\"";
				DEVELOPMENT_TEAM = SC2M4P5Z8J;
				ENABLE_PREVIEWS = YES;
				GENERATE_INFOPLIST_FILE = YES;
				INFOPLIST_FILE = "WatchLandmarks WatchKit Extension/Info.plist";
				INFOPLIST_KEY_CFBundleDisplayName = "WatchLandmarks WatchKit Extension";
				INFOPLIST_KEY_CLKComplicationPrincipalClass = WatchLandmarks_WatchKit_Extension.ComplicationController;
				INFOPLIST_KEY_NSHumanReadableCopyright = "";
				INFOPLIST_KEY_WKRunsIndependentlyOfCompanionApp = YES;
				LD_RUNPATH_SEARCH_PATHS = (
					"$(inherited)",
					"@executable_path/Frameworks",
					"@executable_path/../../Frameworks",
				);
				MARKETING_VERSION = 1.0;
				PRODUCT_BUNDLE_IDENTIFIER = com.torinunna.Landmarks.watchkitapp.watchkitextension;
				PRODUCT_NAME = "${TARGET_NAME}";
				SDKROOT = watchos;
				SKIP_INSTALL = YES;
				SWIFT_EMIT_LOC_STRINGS = YES;
				SWIFT_VERSION = 5.0;
				TARGETED_DEVICE_FAMILY = 4;
				WATCHOS_DEPLOYMENT_TARGET = 8.5;
			};
			name = Debug;
		};
		86E910B92A7F9F3C00C7BE5E /* Release */ = {
			isa = XCBuildConfiguration;
			buildSettings = {
				ASSETCATALOG_COMPILER_COMPLICATION_NAME = Complication;
				CODE_SIGN_STYLE = Automatic;
				CURRENT_PROJECT_VERSION = 1;
				DEVELOPMENT_ASSET_PATHS = "\"WatchLandmarks WatchKit Extension/Preview Content\"";
				DEVELOPMENT_TEAM = SC2M4P5Z8J;
				ENABLE_PREVIEWS = YES;
				GENERATE_INFOPLIST_FILE = YES;
				INFOPLIST_FILE = "WatchLandmarks WatchKit Extension/Info.plist";
				INFOPLIST_KEY_CFBundleDisplayName = "WatchLandmarks WatchKit Extension";
				INFOPLIST_KEY_CLKComplicationPrincipalClass = WatchLandmarks_WatchKit_Extension.ComplicationController;
				INFOPLIST_KEY_NSHumanReadableCopyright = "";
				INFOPLIST_KEY_WKRunsIndependentlyOfCompanionApp = YES;
				LD_RUNPATH_SEARCH_PATHS = (
					"$(inherited)",
					"@executable_path/Frameworks",
					"@executable_path/../../Frameworks",
				);
				MARKETING_VERSION = 1.0;
				PRODUCT_BUNDLE_IDENTIFIER = com.torinunna.Landmarks.watchkitapp.watchkitextension;
				PRODUCT_NAME = "${TARGET_NAME}";
				SDKROOT = watchos;
				SKIP_INSTALL = YES;
				SWIFT_EMIT_LOC_STRINGS = YES;
				SWIFT_VERSION = 5.0;
				TARGETED_DEVICE_FAMILY = 4;
				WATCHOS_DEPLOYMENT_TARGET = 8.5;
			};
			name = Release;
		};
		86E910DB2A80C19B00C7BE5E /* Debug */ = {
			isa = XCBuildConfiguration;
			buildSettings = {
				ASSETCATALOG_COMPILER_APPICON_NAME = AppIcon;
				ASSETCATALOG_COMPILER_GLOBAL_ACCENT_COLOR_NAME = AccentColor;
				CODE_SIGN_ENTITLEMENTS = MacLandmarks/MacLandmarks.entitlements;
				CODE_SIGN_STYLE = Automatic;
				COMBINE_HIDPI_IMAGES = YES;
				CURRENT_PROJECT_VERSION = 1;
				DEVELOPMENT_ASSET_PATHS = "\"MacLandmarks/Preview Content\"";
				DEVELOPMENT_TEAM = SC2M4P5Z8J;
				ENABLE_HARDENED_RUNTIME = YES;
				ENABLE_PREVIEWS = YES;
				GENERATE_INFOPLIST_FILE = YES;
				INFOPLIST_KEY_NSHumanReadableCopyright = "";
				LD_RUNPATH_SEARCH_PATHS = (
					"$(inherited)",
					"@executable_path/../Frameworks",
				);
				MACOSX_DEPLOYMENT_TARGET = 12.3;
				MARKETING_VERSION = 1.0;
				PRODUCT_BUNDLE_IDENTIFIER = com.torinunna.MacLandmarks;
				PRODUCT_NAME = "$(TARGET_NAME)";
				SDKROOT = macosx;
				SWIFT_EMIT_LOC_STRINGS = YES;
				SWIFT_VERSION = 5.0;
			};
			name = Debug;
		};
		86E910DC2A80C19B00C7BE5E /* Release */ = {
			isa = XCBuildConfiguration;
			buildSettings = {
				ASSETCATALOG_COMPILER_APPICON_NAME = AppIcon;
				ASSETCATALOG_COMPILER_GLOBAL_ACCENT_COLOR_NAME = AccentColor;
				CODE_SIGN_ENTITLEMENTS = MacLandmarks/MacLandmarks.entitlements;
				CODE_SIGN_STYLE = Automatic;
				COMBINE_HIDPI_IMAGES = YES;
				CURRENT_PROJECT_VERSION = 1;
				DEVELOPMENT_ASSET_PATHS = "\"MacLandmarks/Preview Content\"";
				DEVELOPMENT_TEAM = SC2M4P5Z8J;
				ENABLE_HARDENED_RUNTIME = YES;
				ENABLE_PREVIEWS = YES;
				GENERATE_INFOPLIST_FILE = YES;
				INFOPLIST_KEY_NSHumanReadableCopyright = "";
				LD_RUNPATH_SEARCH_PATHS = (
					"$(inherited)",
					"@executable_path/../Frameworks",
				);
				MACOSX_DEPLOYMENT_TARGET = 12.3;
				MARKETING_VERSION = 1.0;
				PRODUCT_BUNDLE_IDENTIFIER = com.torinunna.MacLandmarks;
				PRODUCT_NAME = "$(TARGET_NAME)";
				SDKROOT = macosx;
				SWIFT_EMIT_LOC_STRINGS = YES;
				SWIFT_VERSION = 5.0;
			};
			name = Release;
		};
		86FE7EC52A7252CD003444E0 /* Debug */ = {
			isa = XCBuildConfiguration;
			buildSettings = {
				ALWAYS_SEARCH_USER_PATHS = NO;
				CLANG_ANALYZER_NONNULL = YES;
				CLANG_ANALYZER_NUMBER_OBJECT_CONVERSION = YES_AGGRESSIVE;
				CLANG_CXX_LANGUAGE_STANDARD = "gnu++17";
				CLANG_ENABLE_MODULES = YES;
				CLANG_ENABLE_OBJC_ARC = YES;
				CLANG_ENABLE_OBJC_WEAK = YES;
				CLANG_WARN_BLOCK_CAPTURE_AUTORELEASING = YES;
				CLANG_WARN_BOOL_CONVERSION = YES;
				CLANG_WARN_COMMA = YES;
				CLANG_WARN_CONSTANT_CONVERSION = YES;
				CLANG_WARN_DEPRECATED_OBJC_IMPLEMENTATIONS = YES;
				CLANG_WARN_DIRECT_OBJC_ISA_USAGE = YES_ERROR;
				CLANG_WARN_DOCUMENTATION_COMMENTS = YES;
				CLANG_WARN_EMPTY_BODY = YES;
				CLANG_WARN_ENUM_CONVERSION = YES;
				CLANG_WARN_INFINITE_RECURSION = YES;
				CLANG_WARN_INT_CONVERSION = YES;
				CLANG_WARN_NON_LITERAL_NULL_CONVERSION = YES;
				CLANG_WARN_OBJC_IMPLICIT_RETAIN_SELF = YES;
				CLANG_WARN_OBJC_LITERAL_CONVERSION = YES;
				CLANG_WARN_OBJC_ROOT_CLASS = YES_ERROR;
				CLANG_WARN_QUOTED_INCLUDE_IN_FRAMEWORK_HEADER = YES;
				CLANG_WARN_RANGE_LOOP_ANALYSIS = YES;
				CLANG_WARN_STRICT_PROTOTYPES = YES;
				CLANG_WARN_SUSPICIOUS_MOVE = YES;
				CLANG_WARN_UNGUARDED_AVAILABILITY = YES_AGGRESSIVE;
				CLANG_WARN_UNREACHABLE_CODE = YES;
				CLANG_WARN__DUPLICATE_METHOD_MATCH = YES;
				COPY_PHASE_STRIP = NO;
				DEBUG_INFORMATION_FORMAT = dwarf;
				ENABLE_STRICT_OBJC_MSGSEND = YES;
				ENABLE_TESTABILITY = YES;
				GCC_C_LANGUAGE_STANDARD = gnu11;
				GCC_DYNAMIC_NO_PIC = NO;
				GCC_NO_COMMON_BLOCKS = YES;
				GCC_OPTIMIZATION_LEVEL = 0;
				GCC_PREPROCESSOR_DEFINITIONS = (
					"DEBUG=1",
					"$(inherited)",
				);
				GCC_WARN_64_TO_32_BIT_CONVERSION = YES;
				GCC_WARN_ABOUT_RETURN_TYPE = YES_ERROR;
				GCC_WARN_UNDECLARED_SELECTOR = YES;
				GCC_WARN_UNINITIALIZED_AUTOS = YES_AGGRESSIVE;
				GCC_WARN_UNUSED_FUNCTION = YES;
				GCC_WARN_UNUSED_VARIABLE = YES;
				IPHONEOS_DEPLOYMENT_TARGET = 15.5;
				MTL_ENABLE_DEBUG_INFO = INCLUDE_SOURCE;
				MTL_FAST_MATH = YES;
				ONLY_ACTIVE_ARCH = YES;
				SDKROOT = iphoneos;
				SWIFT_ACTIVE_COMPILATION_CONDITIONS = DEBUG;
				SWIFT_OPTIMIZATION_LEVEL = "-Onone";
			};
			name = Debug;
		};
		86FE7EC62A7252CD003444E0 /* Release */ = {
			isa = XCBuildConfiguration;
			buildSettings = {
				ALWAYS_SEARCH_USER_PATHS = NO;
				CLANG_ANALYZER_NONNULL = YES;
				CLANG_ANALYZER_NUMBER_OBJECT_CONVERSION = YES_AGGRESSIVE;
				CLANG_CXX_LANGUAGE_STANDARD = "gnu++17";
				CLANG_ENABLE_MODULES = YES;
				CLANG_ENABLE_OBJC_ARC = YES;
				CLANG_ENABLE_OBJC_WEAK = YES;
				CLANG_WARN_BLOCK_CAPTURE_AUTORELEASING = YES;
				CLANG_WARN_BOOL_CONVERSION = YES;
				CLANG_WARN_COMMA = YES;
				CLANG_WARN_CONSTANT_CONVERSION = YES;
				CLANG_WARN_DEPRECATED_OBJC_IMPLEMENTATIONS = YES;
				CLANG_WARN_DIRECT_OBJC_ISA_USAGE = YES_ERROR;
				CLANG_WARN_DOCUMENTATION_COMMENTS = YES;
				CLANG_WARN_EMPTY_BODY = YES;
				CLANG_WARN_ENUM_CONVERSION = YES;
				CLANG_WARN_INFINITE_RECURSION = YES;
				CLANG_WARN_INT_CONVERSION = YES;
				CLANG_WARN_NON_LITERAL_NULL_CONVERSION = YES;
				CLANG_WARN_OBJC_IMPLICIT_RETAIN_SELF = YES;
				CLANG_WARN_OBJC_LITERAL_CONVERSION = YES;
				CLANG_WARN_OBJC_ROOT_CLASS = YES_ERROR;
				CLANG_WARN_QUOTED_INCLUDE_IN_FRAMEWORK_HEADER = YES;
				CLANG_WARN_RANGE_LOOP_ANALYSIS = YES;
				CLANG_WARN_STRICT_PROTOTYPES = YES;
				CLANG_WARN_SUSPICIOUS_MOVE = YES;
				CLANG_WARN_UNGUARDED_AVAILABILITY = YES_AGGRESSIVE;
				CLANG_WARN_UNREACHABLE_CODE = YES;
				CLANG_WARN__DUPLICATE_METHOD_MATCH = YES;
				COPY_PHASE_STRIP = NO;
				DEBUG_INFORMATION_FORMAT = "dwarf-with-dsym";
				ENABLE_NS_ASSERTIONS = NO;
				ENABLE_STRICT_OBJC_MSGSEND = YES;
				GCC_C_LANGUAGE_STANDARD = gnu11;
				GCC_NO_COMMON_BLOCKS = YES;
				GCC_WARN_64_TO_32_BIT_CONVERSION = YES;
				GCC_WARN_ABOUT_RETURN_TYPE = YES_ERROR;
				GCC_WARN_UNDECLARED_SELECTOR = YES;
				GCC_WARN_UNINITIALIZED_AUTOS = YES_AGGRESSIVE;
				GCC_WARN_UNUSED_FUNCTION = YES;
				GCC_WARN_UNUSED_VARIABLE = YES;
				IPHONEOS_DEPLOYMENT_TARGET = 15.5;
				MTL_ENABLE_DEBUG_INFO = NO;
				MTL_FAST_MATH = YES;
				SDKROOT = iphoneos;
				SWIFT_COMPILATION_MODE = wholemodule;
				SWIFT_OPTIMIZATION_LEVEL = "-O";
				VALIDATE_PRODUCT = YES;
			};
			name = Release;
		};
		86FE7EC82A7252CD003444E0 /* Debug */ = {
			isa = XCBuildConfiguration;
			buildSettings = {
				ASSETCATALOG_COMPILER_APPICON_NAME = AppIcon;
				ASSETCATALOG_COMPILER_GLOBAL_ACCENT_COLOR_NAME = AccentColor;
				CODE_SIGN_STYLE = Automatic;
				CURRENT_PROJECT_VERSION = 1;
				DEVELOPMENT_ASSET_PATHS = "\"Landmarks/Preview Content\"";
				DEVELOPMENT_TEAM = SC2M4P5Z8J;
				ENABLE_PREVIEWS = YES;
				GENERATE_INFOPLIST_FILE = YES;
				INFOPLIST_KEY_UIApplicationSceneManifest_Generation = YES;
				INFOPLIST_KEY_UIApplicationSupportsIndirectInputEvents = YES;
				INFOPLIST_KEY_UILaunchScreen_Generation = YES;
				INFOPLIST_KEY_UISupportedInterfaceOrientations_iPad = "UIInterfaceOrientationPortrait UIInterfaceOrientationPortraitUpsideDown UIInterfaceOrientationLandscapeLeft UIInterfaceOrientationLandscapeRight";
				INFOPLIST_KEY_UISupportedInterfaceOrientations_iPhone = "UIInterfaceOrientationPortrait UIInterfaceOrientationLandscapeLeft UIInterfaceOrientationLandscapeRight";
				LD_RUNPATH_SEARCH_PATHS = (
					"$(inherited)",
					"@executable_path/Frameworks",
				);
				MARKETING_VERSION = 1.0;
				PRODUCT_BUNDLE_IDENTIFIER = com.torinunna.Landmarks;
				PRODUCT_NAME = "$(TARGET_NAME)";
				SWIFT_EMIT_LOC_STRINGS = YES;
				SWIFT_VERSION = 5.0;
				TARGETED_DEVICE_FAMILY = "1,2";
			};
			name = Debug;
		};
		86FE7EC92A7252CD003444E0 /* Release */ = {
			isa = XCBuildConfiguration;
			buildSettings = {
				ASSETCATALOG_COMPILER_APPICON_NAME = AppIcon;
				ASSETCATALOG_COMPILER_GLOBAL_ACCENT_COLOR_NAME = AccentColor;
				CODE_SIGN_STYLE = Automatic;
				CURRENT_PROJECT_VERSION = 1;
				DEVELOPMENT_ASSET_PATHS = "\"Landmarks/Preview Content\"";
				DEVELOPMENT_TEAM = SC2M4P5Z8J;
				ENABLE_PREVIEWS = YES;
				GENERATE_INFOPLIST_FILE = YES;
				INFOPLIST_KEY_UIApplicationSceneManifest_Generation = YES;
				INFOPLIST_KEY_UIApplicationSupportsIndirectInputEvents = YES;
				INFOPLIST_KEY_UILaunchScreen_Generation = YES;
				INFOPLIST_KEY_UISupportedInterfaceOrientations_iPad = "UIInterfaceOrientationPortrait UIInterfaceOrientationPortraitUpsideDown UIInterfaceOrientationLandscapeLeft UIInterfaceOrientationLandscapeRight";
				INFOPLIST_KEY_UISupportedInterfaceOrientations_iPhone = "UIInterfaceOrientationPortrait UIInterfaceOrientationLandscapeLeft UIInterfaceOrientationLandscapeRight";
				LD_RUNPATH_SEARCH_PATHS = (
					"$(inherited)",
					"@executable_path/Frameworks",
				);
				MARKETING_VERSION = 1.0;
				PRODUCT_BUNDLE_IDENTIFIER = com.torinunna.Landmarks;
				PRODUCT_NAME = "$(TARGET_NAME)";
				SWIFT_EMIT_LOC_STRINGS = YES;
				SWIFT_VERSION = 5.0;
				TARGETED_DEVICE_FAMILY = "1,2";
			};
			name = Release;
		};
/* End XCBuildConfiguration section */

/* Begin XCConfigurationList section */
		86E910BA2A7F9F3C00C7BE5E /* Build configuration list for PBXNativeTarget "WatchLandmarks WatchKit Extension" */ = {
			isa = XCConfigurationList;
			buildConfigurations = (
				86E910B82A7F9F3C00C7BE5E /* Debug */,
				86E910B92A7F9F3C00C7BE5E /* Release */,
			);
			defaultConfigurationIsVisible = 0;
			defaultConfigurationName = Release;
		};
		86E910BB2A7F9F3C00C7BE5E /* Build configuration list for PBXNativeTarget "WatchLandmarks" */ = {
			isa = XCConfigurationList;
			buildConfigurations = (
				86E910B52A7F9F3C00C7BE5E /* Debug */,
				86E910B62A7F9F3C00C7BE5E /* Release */,
			);
			defaultConfigurationIsVisible = 0;
			defaultConfigurationName = Release;
		};
		86E910DA2A80C19B00C7BE5E /* Build configuration list for PBXNativeTarget "MacLandmarks" */ = {
			isa = XCConfigurationList;
			buildConfigurations = (
				86E910DB2A80C19B00C7BE5E /* Debug */,
				86E910DC2A80C19B00C7BE5E /* Release */,
			);
			defaultConfigurationIsVisible = 0;
			defaultConfigurationName = Release;
		};
		86FE7EB42A7252CC003444E0 /* Build configuration list for PBXProject "Landmarks" */ = {
			isa = XCConfigurationList;
			buildConfigurations = (
				86FE7EC52A7252CD003444E0 /* Debug */,
				86FE7EC62A7252CD003444E0 /* Release */,
			);
			defaultConfigurationIsVisible = 0;
			defaultConfigurationName = Release;
		};
		86FE7EC72A7252CD003444E0 /* Build configuration list for PBXNativeTarget "Landmarks" */ = {
			isa = XCConfigurationList;
			buildConfigurations = (
				86FE7EC82A7252CD003444E0 /* Debug */,
				86FE7EC92A7252CD003444E0 /* Release */,
			);
			defaultConfigurationIsVisible = 0;
			defaultConfigurationName = Release;
		};
/* End XCConfigurationList section */
	};
	rootObject = 86FE7EB12A7252CC003444E0 /* Project object */;
}
